
Microsoft Visual Studio Solution File, Format Version 12.00
# Visual Studio Version 17
VisualStudioVersion = 17.11.35303.130
MinimumVisualStudioVersion = 10.0.40219.1
Project("{FAE04EC0-301F-11D3-BF4B-00C04F79EFBC}") = "KlasseLib", "KlasseLib\KlasseLib.csproj", "{B321FBC9-D674-439F-98F9-B0E7B089E497}"
EndProject
Project("{FAE04EC0-301F-11D3-BF4B-00C04F79EFBC}") = "KlasseWebService", "KlasseWebService\KlasseWebService.csproj", "{C7927B94-4FCF-4D8D-9292-D1ED53137478}"
EndProject
Project("{FAE04EC0-301F-11D3-BF4B-00C04F79EFBC}") = "KlasseUnitTestProject", "KlasseUnitTestProject\KlasseUnitTestProject.csproj", "{14D860A4-61BF-4BEC-8F2F-51BBCA745599}"
	ProjectSection(ProjectDependencies) = postProject
		{B321FBC9-D674-439F-98F9-B0E7B089E497} = {B321FBC9-D674-439F-98F9-B0E7B089E497}
	EndProjectSection
EndProject
Global
	GlobalSection(SolutionConfigurationPlatforms) = preSolution
		Debug|Any CPU = Debug|Any CPU
		Release|Any CPU = Release|Any CPU
	EndGlobalSection
	GlobalSection(ProjectConfigurationPlatforms) = postSolution
		{B321FBC9-D674-439F-98F9-B0E7B089E497}.Debug|Any CPU.ActiveCfg = Debug|Any CPU
		{B321FBC9-D674-439F-98F9-B0E7B089E497}.Debug|Any CPU.Build.0 = Debug|Any CPU
		{B321FBC9-D674-439F-98F9-B0E7B089E497}.Release|Any CPU.ActiveCfg = Release|Any CPU
		{B321FBC9-D674-439F-98F9-B0E7B089E497}.Release|Any CPU.Build.0 = Release|Any CPU
		{C7927B94-4FCF-4D8D-9292-D1ED53137478}.Debug|Any CPU.ActiveCfg = Debug|Any CPU
		{C7927B94-4FCF-4D8D-9292-D1ED53137478}.Debug|Any CPU.Build.0 = Debug|Any CPU
		{C7927B94-4FCF-4D8D-9292-D1ED53137478}.Release|Any CPU.ActiveCfg = Release|Any CPU
		{C7927B94-4FCF-4D8D-9292-D1ED53137478}.Release|Any CPU.Build.0 = Release|Any CPU
		{14D860A4-61BF-4BEC-8F2F-51BBCA745599}.Debug|Any CPU.ActiveCfg = Debug|Any CPU
		{14D860A4-61BF-4BEC-8F2F-51BBCA745599}.Debug|Any CPU.Build.0 = Debug|Any CPU
		{14D860A4-61BF-4BEC-8F2F-51BBCA745599}.Release|Any CPU.ActiveCfg = Release|Any CPU
		{14D860A4-61BF-4BEC-8F2F-51BBCA745599}.Release|Any CPU.Build.0 = Release|Any CPU
	EndGlobalSection
	GlobalSection(SolutionProperties) = preSolution
		HideSolutionNode = FALSE
	EndGlobalSection
	GlobalSection(ExtensibilityGlobals) = postSolution
		SolutionGuid = {68DB7BEE-6168-4B12-82E9-32E868BA811A}
	EndGlobalSection
EndGlobal
